
Microsoft Visual Studio Solution File, Format Version 12.00
# Visual Studio Version 17
VisualStudioVersion = 17.4.33403.182
MinimumVisualStudioVersion = 10.0.40219.1
Project("{F184B08F-C81C-45F6-A57F-5ABD9991F28F}") = "DeliveryService", "DeliveryService\DeliveryService.vbproj", "{00B1C3E0-9726-43D5-A6C0-ABDB090887B3}"
EndProject
Global
	GlobalSection(SolutionConfigurationPlatforms) = preSolution
		Debug|Any CPU = Debug|Any CPU
		Release|Any CPU = Release|Any CPU
	EndGlobalSection
	GlobalSection(ProjectConfigurationPlatforms) = postSolution
		{00B1C3E0-9726-43D5-A6C0-ABDB090887B3}.Debug|Any CPU.ActiveCfg = Debug|Any CPU
		{00B1C3E0-9726-43D5-A6C0-ABDB090887B3}.Debug|Any CPU.Build.0 = Debug|Any CPU
		{00B1C3E0-9726-43D5-A6C0-ABDB090887B3}.Release|Any CPU.ActiveCfg = Release|Any CPU
		{00B1C3E0-9726-43D5-A6C0-ABDB090887B3}.Release|Any CPU.Build.0 = Release|Any CPU
	EndGlobalSection
	GlobalSection(SolutionProperties) = preSolution
		HideSolutionNode = FALSE
	EndGlobalSection
	GlobalSection(ExtensibilityGlobals) = postSolution
		SolutionGuid = {F4FC5EB1-AB00-4090-B08B-1D118F8CB42D}
	EndGlobalSection
EndGlobal
